# This file is automatically @generated by Cargo.
# It is not intended for manual editing.
version = 4

[[package]]
name = "vpp-compiler"
version = "0.1.0"
dependencies = [
 "vpp-dom",
 "vpp-format",
 "vpp-script",
 "vpp-style",
 "vpp-template",
]

[[package]]
name = "vpp-dom"
version = "0.1.0"
dependencies = [
 "vpp-format",
]

[[package]]
name = "vpp-format"
version = "0.1.0"

[[package]]
name = "vpp-layout"
version = "0.1.0"
dependencies = [
 "vpp-dom",
 "vpp-style",
]

[[package]]
name = "vpp-packager"
version = "0.1.0"
dependencies = [
 "vpp-format",
]

[[package]]
name = "vpp-paint"
version = "0.1.0"
dependencies = [
 "vpp-layout",
]

[[package]]
name = "vpp-script"
version = "0.1.0"
dependencies = [
 "vpp-dom",
]

[[package]]
name = "vpp-style"
version = "0.1.0"
dependencies = [
 "vpp-dom",
 "vpp-format",
]

[[package]]
name = "vpp-template"
version = "0.1.0"
dependencies = [
 "vpp-dom",
]

[[package]]
name = "vpp-updater"
version = "0.1.0"
dependencies = [
 "vpp-format",
]

[[package]]
name = "vpp-viewer"
version = "0.1.0"
dependencies = [
 "vpp-dom",
 "vpp-format",
 "vpp-layout",
 "vpp-paint",
 "vpp-script",
 "vpp-style",
 "vpp-updater",
]
